
Microsoft Visual Studio Solution File, Format Version 12.00
# Visual Studio 2012
Project("{FAE04EC0-301F-11D3-BF4B-00C04F79EFBC}") = "FTButtonApp", "FTButtonApp\FTButtonApp.csproj", "{5810E6FF-0596-4931-A266-A6E3CA9A06CD}"
EndProject
Global
	GlobalSection(SolutionConfigurationPlatforms) = preSolution
		Debug|Any CPU = Debug|Any CPU
		Release|Any CPU = Release|Any CPU
	EndGlobalSection
	GlobalSection(ProjectConfigurationPlatforms) = postSolution
		{5810E6FF-0596-4931-A266-A6E3CA9A06CD}.Debug|Any CPU.ActiveCfg = Debug|Any CPU
		{5810E6FF-0596-4931-A266-A6E3CA9A06CD}.Debug|Any CPU.Build.0 = Debug|Any CPU
		{5810E6FF-0596-4931-A266-A6E3CA9A06CD}.Release|Any CPU.ActiveCfg = Release|Any CPU
		{5810E6FF-0596-4931-A266-A6E3CA9A06CD}.Release|Any CPU.Build.0 = Release|Any CPU
	EndGlobalSection
	GlobalSection(SolutionProperties) = preSolution
		HideSolutionNode = FALSE
	EndGlobalSection
EndGlobal
